// !$*UTF8*$!
{
	archiveVersion = 1;
	classes = {
	};
	objectVersion = 55;
	objects = {

/* Begin PBXBuildFile section */
		4D192CB828F551590004BCB6 /* AppDelegate.swift in Sources */ = {isa = PBXBuildFile; fileRef = 4D192CB728F551590004BCB6 /* AppDelegate.swift */; };
		4D192CBA28F551590004BCB6 /* SceneDelegate.swift in Sources */ = {isa = PBXBuildFile; fileRef = 4D192CB928F551590004BCB6 /* SceneDelegate.swift */; };
		4D192CBC28F551590004BCB6 /* StartViewController.swift in Sources */ = {isa = PBXBuildFile; fileRef = 4D192CBB28F551590004BCB6 /* StartViewController.swift */; };
		4D192CBF28F551590004BCB6 /* Main.storyboard in Resources */ = {isa = PBXBuildFile; fileRef = 4D192CBD28F551590004BCB6 /* Main.storyboard */; };
		4D192CC128F5515B0004BCB6 /* Assets.xcassets in Resources */ = {isa = PBXBuildFile; fileRef = 4D192CC028F5515B0004BCB6 /* Assets.xcassets */; };
		4D192CC428F5515B0004BCB6 /* LaunchScreen.storyboard in Resources */ = {isa = PBXBuildFile; fileRef = 4D192CC228F5515B0004BCB6 /* LaunchScreen.storyboard */; };
		4D192CCC28F557660004BCB6 /* OpenSearchBarPageVC.swift in Sources */ = {isa = PBXBuildFile; fileRef = 4D192CCB28F557660004BCB6 /* OpenSearchBarPageVC.swift */; };
		4D192CCF28F569940004BCB6 /* PreviousSearchTableViewCell.swift in Sources */ = {isa = PBXBuildFile; fileRef = 4D192CCD28F569940004BCB6 /* PreviousSearchTableViewCell.swift */; };
		4D192CD028F569940004BCB6 /* PreviousSearchTableViewCell.xib in Resources */ = {isa = PBXBuildFile; fileRef = 4D192CCE28F569940004BCB6 /* PreviousSearchTableViewCell.xib */; };
		4D192CD328F59C260004BCB6 /* MainScreenMarketsTableViewCell.swift in Sources */ = {isa = PBXBuildFile; fileRef = 4D192CD128F59C260004BCB6 /* MainScreenMarketsTableViewCell.swift */; };
		4D192CD428F59C260004BCB6 /* MainScreenMarketsTableViewCell.xib in Resources */ = {isa = PBXBuildFile; fileRef = 4D192CD228F59C260004BCB6 /* MainScreenMarketsTableViewCell.xib */; };
		4D34C7DF28F5A884000FB24E /* APIManager.swift in Sources */ = {isa = PBXBuildFile; fileRef = 4D34C7DE28F5A884000FB24E /* APIManager.swift */; };
		4D34C7E128F5AAB1000FB24E /* SearchResultModel.swift in Sources */ = {isa = PBXBuildFile; fileRef = 4D34C7E028F5AAB1000FB24E /* SearchResultModel.swift */; };
		4D34C7E328F5AFE0000FB24E /* SearchResultsStoryboard.storyboard in Resources */ = {isa = PBXBuildFile; fileRef = 4D34C7E228F5AFE0000FB24E /* SearchResultsStoryboard.storyboard */; };
		4D34C7E528F5B060000FB24E /* SearchResultViewController.swift in Sources */ = {isa = PBXBuildFile; fileRef = 4D34C7E428F5B060000FB24E /* SearchResultViewController.swift */; };
		4D34C7E828F5B5F9000FB24E /* SearchResultTableViewCell.swift in Sources */ = {isa = PBXBuildFile; fileRef = 4D34C7E628F5B5F9000FB24E /* SearchResultTableViewCell.swift */; };
		4D34C7E928F5B5F9000FB24E /* SearchResultTableViewCell.xib in Resources */ = {isa = PBXBuildFile; fileRef = 4D34C7E728F5B5F9000FB24E /* SearchResultTableViewCell.xib */; };
		4D9CB4B728FD926D00C3B2B0 /* ConditionsTableViewCell.swift in Sources */ = {isa = PBXBuildFile; fileRef = 4D9CB4B528FD926D00C3B2B0 /* ConditionsTableViewCell.swift */; };
		4D9CB4B828FD926D00C3B2B0 /* ConditionsTableViewCell.xib in Resources */ = {isa = PBXBuildFile; fileRef = 4D9CB4B628FD926D00C3B2B0 /* ConditionsTableViewCell.xib */; };
		4D9E756228FEF27A00735837 /* TabBarViewController.swift in Sources */ = {isa = PBXBuildFile; fileRef = 4D9E756128FEF27A00735837 /* TabBarViewController.swift */; };
		4D9E756428FEF4A800735837 /* LoginViewController.swift in Sources */ = {isa = PBXBuildFile; fileRef = 4D9E756328FEF4A800735837 /* LoginViewController.swift */; };
		4D9E756628FEF4B400735837 /* LoginStoryboard.storyboard in Resources */ = {isa = PBXBuildFile; fileRef = 4D9E756528FEF4B400735837 /* LoginStoryboard.storyboard */; };
		4D9E756828FFDB0E00735837 /* LoginModel.swift in Sources */ = {isa = PBXBuildFile; fileRef = 4D9E756728FFDB0E00735837 /* LoginModel.swift */; };
		4D9E756A28FFDD0E00735837 /* LoginCompleteViewController.swift in Sources */ = {isa = PBXBuildFile; fileRef = 4D9E756928FFDD0E00735837 /* LoginCompleteViewController.swift */; };
		4DEE839728FE8360005EDE61 /* ItemInfoTableViewCell.swift in Sources */ = {isa = PBXBuildFile; fileRef = 4DEE839528FE835F005EDE61 /* ItemInfoTableViewCell.swift */; };
		4DEE839828FE8360005EDE61 /* ItemInfoTableViewCell.xib in Resources */ = {isa = PBXBuildFile; fileRef = 4DEE839628FE8360005EDE61 /* ItemInfoTableViewCell.xib */; };
		4DF98F3F28F803AD0047D425 /* ItemInfoViewController.swift in Sources */ = {isa = PBXBuildFile; fileRef = 4DF98F3E28F803AD0047D425 /* ItemInfoViewController.swift */; };
		4DF98F4128F803BB0047D425 /* ItemInfoStoryboard.storyboard in Resources */ = {isa = PBXBuildFile; fileRef = 4DF98F4028F803BB0047D425 /* ItemInfoStoryboard.storyboard */; };
		4DF9B4E628F8383E007052CD /* ItemPhotoCollectionViewCell.swift in Sources */ = {isa = PBXBuildFile; fileRef = 4DF9B4E428F8383E007052CD /* ItemPhotoCollectionViewCell.swift */; };
		4DF9B4E728F8383E007052CD /* ItemPhotoCollectionViewCell.xib in Resources */ = {isa = PBXBuildFile; fileRef = 4DF9B4E528F8383E007052CD /* ItemPhotoCollectionViewCell.xib */; };
/* End PBXBuildFile section */

/* Begin PBXFileReference section */
		4D192CB428F551590004BCB6 /* CashBackApp.app */ = {isa = PBXFileReference; explicitFileType = wrapper.application; includeInIndex = 0; path = CashBackApp.app; sourceTree = BUILT_PRODUCTS_DIR; };
		4D192CB728F551590004BCB6 /* AppDelegate.swift */ = {isa = PBXFileReference; lastKnownFileType = sourcecode.swift; path = AppDelegate.swift; sourceTree = "<group>"; };
		4D192CB928F551590004BCB6 /* SceneDelegate.swift */ = {isa = PBXFileReference; lastKnownFileType = sourcecode.swift; path = SceneDelegate.swift; sourceTree = "<group>"; };
		4D192CBB28F551590004BCB6 /* StartViewController.swift */ = {isa = PBXFileReference; lastKnownFileType = sourcecode.swift; path = StartViewController.swift; sourceTree = "<group>"; };
		4D192CBE28F551590004BCB6 /* Base */ = {isa = PBXFileReference; lastKnownFileType = file.storyboard; name = Base; path = Base.lproj/Main.storyboard; sourceTree = "<group>"; };
		4D192CC028F5515B0004BCB6 /* Assets.xcassets */ = {isa = PBXFileReference; lastKnownFileType = folder.assetcatalog; path = Assets.xcassets; sourceTree = "<group>"; };
		4D192CC328F5515B0004BCB6 /* Base */ = {isa = PBXFileReference; lastKnownFileType = file.storyboard; name = Base; path = Base.lproj/LaunchScreen.storyboard; sourceTree = "<group>"; };
		4D192CC528F5515B0004BCB6 /* Info.plist */ = {isa = PBXFileReference; lastKnownFileType = text.plist.xml; path = Info.plist; sourceTree = "<group>"; };
		4D192CCB28F557660004BCB6 /* OpenSearchBarPageVC.swift */ = {isa = PBXFileReference; lastKnownFileType = sourcecode.swift; path = OpenSearchBarPageVC.swift; sourceTree = "<group>"; };
		4D192CCD28F569940004BCB6 /* PreviousSearchTableViewCell.swift */ = {isa = PBXFileReference; lastKnownFileType = sourcecode.swift; path = PreviousSearchTableViewCell.swift; sourceTree = "<group>"; };
		4D192CCE28F569940004BCB6 /* PreviousSearchTableViewCell.xib */ = {isa = PBXFileReference; lastKnownFileType = file.xib; path = PreviousSearchTableViewCell.xib; sourceTree = "<group>"; };
		4D192CD128F59C260004BCB6 /* MainScreenMarketsTableViewCell.swift */ = {isa = PBXFileReference; lastKnownFileType = sourcecode.swift; path = MainScreenMarketsTableViewCell.swift; sourceTree = "<group>"; };
		4D192CD228F59C260004BCB6 /* MainScreenMarketsTableViewCell.xib */ = {isa = PBXFileReference; lastKnownFileType = file.xib; path = MainScreenMarketsTableViewCell.xib; sourceTree = "<group>"; };
		4D34C7DE28F5A884000FB24E /* APIManager.swift */ = {isa = PBXFileReference; lastKnownFileType = sourcecode.swift; path = APIManager.swift; sourceTree = "<group>"; };
		4D34C7E028F5AAB1000FB24E /* SearchResultModel.swift */ = {isa = PBXFileReference; lastKnownFileType = sourcecode.swift; path = SearchResultModel.swift; sourceTree = "<group>"; };
		4D34C7E228F5AFE0000FB24E /* SearchResultsStoryboard.storyboard */ = {isa = PBXFileReference; lastKnownFileType = file.storyboard; path = SearchResultsStoryboard.storyboard; sourceTree = "<group>"; };
		4D34C7E428F5B060000FB24E /* SearchResultViewController.swift */ = {isa = PBXFileReference; lastKnownFileType = sourcecode.swift; path = SearchResultViewController.swift; sourceTree = "<group>"; };
		4D34C7E628F5B5F9000FB24E /* SearchResultTableViewCell.swift */ = {isa = PBXFileReference; lastKnownFileType = sourcecode.swift; path = SearchResultTableViewCell.swift; sourceTree = "<group>"; };
		4D34C7E728F5B5F9000FB24E /* SearchResultTableViewCell.xib */ = {isa = PBXFileReference; lastKnownFileType = file.xib; path = SearchResultTableViewCell.xib; sourceTree = "<group>"; };
		4D9CB4B528FD926D00C3B2B0 /* ConditionsTableViewCell.swift */ = {isa = PBXFileReference; lastKnownFileType = sourcecode.swift; path = ConditionsTableViewCell.swift; sourceTree = "<group>"; };
		4D9CB4B628FD926D00C3B2B0 /* ConditionsTableViewCell.xib */ = {isa = PBXFileReference; lastKnownFileType = file.xib; path = ConditionsTableViewCell.xib; sourceTree = "<group>"; };
		4D9E756128FEF27A00735837 /* TabBarViewController.swift */ = {isa = PBXFileReference; lastKnownFileType = sourcecode.swift; path = TabBarViewController.swift; sourceTree = "<group>"; };
		4D9E756328FEF4A800735837 /* LoginViewController.swift */ = {isa = PBXFileReference; lastKnownFileType = sourcecode.swift; path = LoginViewController.swift; sourceTree = "<group>"; };
		4D9E756528FEF4B400735837 /* LoginStoryboard.storyboard */ = {isa = PBXFileReference; lastKnownFileType = file.storyboard; path = LoginStoryboard.storyboard; sourceTree = "<group>"; };
		4D9E756728FFDB0E00735837 /* LoginModel.swift */ = {isa = PBXFileReference; lastKnownFileType = sourcecode.swift; path = LoginModel.swift; sourceTree = "<group>"; };
		4D9E756928FFDD0E00735837 /* LoginCompleteViewController.swift */ = {isa = PBXFileReference; lastKnownFileType = sourcecode.swift; path = LoginCompleteViewController.swift; sourceTree = "<group>"; };
		4DEE839528FE835F005EDE61 /* ItemInfoTableViewCell.swift */ = {isa = PBXFileReference; lastKnownFileType = sourcecode.swift; path = ItemInfoTableViewCell.swift; sourceTree = "<group>"; };
		4DEE839628FE8360005EDE61 /* ItemInfoTableViewCell.xib */ = {isa = PBXFileReference; lastKnownFileType = file.xib; path = ItemInfoTableViewCell.xib; sourceTree = "<group>"; };
		4DF98F3E28F803AD0047D425 /* ItemInfoViewController.swift */ = {isa = PBXFileReference; lastKnownFileType = sourcecode.swift; path = ItemInfoViewController.swift; sourceTree = "<group>"; };
		4DF98F4028F803BB0047D425 /* ItemInfoStoryboard.storyboard */ = {isa = PBXFileReference; lastKnownFileType = file.storyboard; path = ItemInfoStoryboard.storyboard; sourceTree = "<group>"; };
		4DF9B4E428F8383E007052CD /* ItemPhotoCollectionViewCell.swift */ = {isa = PBXFileReference; lastKnownFileType = sourcecode.swift; path = ItemPhotoCollectionViewCell.swift; sourceTree = "<group>"; };
		4DF9B4E528F8383E007052CD /* ItemPhotoCollectionViewCell.xib */ = {isa = PBXFileReference; lastKnownFileType = file.xib; path = ItemPhotoCollectionViewCell.xib; sourceTree = "<group>"; };
/* End PBXFileReference section */

/* Begin PBXFrameworksBuildPhase section */
		4D192CB128F551590004BCB6 /* Frameworks */ = {
			isa = PBXFrameworksBuildPhase;
			buildActionMask = 2147483647;
			files = (
			);
			runOnlyForDeploymentPostprocessing = 0;
		};
/* End PBXFrameworksBuildPhase section */

/* Begin PBXGroup section */
		4D192CAB28F551590004BCB6 = {
			isa = PBXGroup;
			children = (
				4D192CB628F551590004BCB6 /* CashBackApp */,
				4D192CB528F551590004BCB6 /* Products */,
			);
			sourceTree = "<group>";
		};
		4D192CB528F551590004BCB6 /* Products */ = {
			isa = PBXGroup;
			children = (
				4D192CB428F551590004BCB6 /* CashBackApp.app */,
			);
			name = Products;
			sourceTree = "<group>";
		};
		4D192CB628F551590004BCB6 /* CashBackApp */ = {
			isa = PBXGroup;
			children = (
				4D192CC528F5515B0004BCB6 /* Info.plist */,
				4D192CD928F5A2AC0004BCB6 /* Helpers */,
				4D192CD828F5A2990004BCB6 /* ViewControllers */,
				4D192CD528F5A2500004BCB6 /* TableViewCells */,
				4D192CDA28F5A2BA0004BCB6 /* Storyboards */,
				4DEE839A28FEAFE7005EDE61 /* Manager */,
				4DEE839C28FEB043005EDE61 /* CollectionViewCells */,
				4DEE839B28FEAFEF005EDE61 /* Model */,
			);
			path = CashBackApp;
			sourceTree = "<group>";
		};
		4D192CD528F5A2500004BCB6 /* TableViewCells */ = {
			isa = PBXGroup;
			children = (
				4D192CD628F5A26F0004BCB6 /* MainScreenCells */,
				4D192CD728F5A2810004BCB6 /* SearchHistoryCells */,
				4DF98F3D28F8037A0047D425 /* SearchResultCells */,
				4DEE839928FEAF89005EDE61 /* ItemInfoCells */,
			);
			path = TableViewCells;
			sourceTree = "<group>";
		};
		4D192CD628F5A26F0004BCB6 /* MainScreenCells */ = {
			isa = PBXGroup;
			children = (
				4D192CD128F59C260004BCB6 /* MainScreenMarketsTableViewCell.swift */,
				4D192CD228F59C260004BCB6 /* MainScreenMarketsTableViewCell.xib */,
			);
			path = MainScreenCells;
			sourceTree = "<group>";
		};
		4D192CD728F5A2810004BCB6 /* SearchHistoryCells */ = {
			isa = PBXGroup;
			children = (
				4D192CCD28F569940004BCB6 /* PreviousSearchTableViewCell.swift */,
				4D192CCE28F569940004BCB6 /* PreviousSearchTableViewCell.xib */,
			);
			path = SearchHistoryCells;
			sourceTree = "<group>";
		};
		4D192CD828F5A2990004BCB6 /* ViewControllers */ = {
			isa = PBXGroup;
			children = (
				4D192CBB28F551590004BCB6 /* StartViewController.swift */,
				4D192CCB28F557660004BCB6 /* OpenSearchBarPageVC.swift */,
				4D34C7E428F5B060000FB24E /* SearchResultViewController.swift */,
				4DF98F3E28F803AD0047D425 /* ItemInfoViewController.swift */,
				4D9E756128FEF27A00735837 /* TabBarViewController.swift */,
				4D9E756328FEF4A800735837 /* LoginViewController.swift */,
				4D9E756928FFDD0E00735837 /* LoginCompleteViewController.swift */,
			);
			path = ViewControllers;
			sourceTree = "<group>";
		};
		4D192CD928F5A2AC0004BCB6 /* Helpers */ = {
			isa = PBXGroup;
			children = (
				4D192CB728F551590004BCB6 /* AppDelegate.swift */,
				4D192CB928F551590004BCB6 /* SceneDelegate.swift */,
				4D192CC028F5515B0004BCB6 /* Assets.xcassets */,
			);
			path = Helpers;
			sourceTree = "<group>";
		};
		4D192CDA28F5A2BA0004BCB6 /* Storyboards */ = {
			isa = PBXGroup;
			children = (
				4D192CBD28F551590004BCB6 /* Main.storyboard */,
				4D192CC228F5515B0004BCB6 /* LaunchScreen.storyboard */,
				4D34C7E228F5AFE0000FB24E /* SearchResultsStoryboard.storyboard */,
				4DF98F4028F803BB0047D425 /* ItemInfoStoryboard.storyboard */,
				4D9E756528FEF4B400735837 /* LoginStoryboard.storyboard */,
			);
			path = Storyboards;
			sourceTree = "<group>";
		};
		4DEE839928FEAF89005EDE61 /* ItemInfoCells */ = {
			isa = PBXGroup;
			children = (
				4D9CB4B528FD926D00C3B2B0 /* ConditionsTableViewCell.swift */,
				4D9CB4B628FD926D00C3B2B0 /* ConditionsTableViewCell.xib */,
				4DEE839528FE835F005EDE61 /* ItemInfoTableViewCell.swift */,
				4DEE839628FE8360005EDE61 /* ItemInfoTableViewCell.xib */,
			);
			path = ItemInfoCells;
			sourceTree = "<group>";
		};
		4DEE839A28FEAFE7005EDE61 /* Manager */ = {
			isa = PBXGroup;
			children = (
				4D34C7DE28F5A884000FB24E /* APIManager.swift */,
			);
			path = Manager;
			sourceTree = "<group>";
		};
		4DEE839B28FEAFEF005EDE61 /* Model */ = {
			isa = PBXGroup;
			children = (
				4D34C7E028F5AAB1000FB24E /* SearchResultModel.swift */,
				4D9E756728FFDB0E00735837 /* LoginModel.swift */,
			);
			path = Model;
			sourceTree = "<group>";
		};
		4DEE839C28FEB043005EDE61 /* CollectionViewCells */ = {
			isa = PBXGroup;
			children = (
				4DEE839D28FEB050005EDE61 /* ItemInfoCells */,
			);
			path = CollectionViewCells;
			sourceTree = "<group>";
		};
		4DEE839D28FEB050005EDE61 /* ItemInfoCells */ = {
			isa = PBXGroup;
			children = (
				4DF9B4E428F8383E007052CD /* ItemPhotoCollectionViewCell.swift */,
				4DF9B4E528F8383E007052CD /* ItemPhotoCollectionViewCell.xib */,
			);
			path = ItemInfoCells;
			sourceTree = "<group>";
		};
		4DF98F3D28F8037A0047D425 /* SearchResultCells */ = {
			isa = PBXGroup;
			children = (
				4D34C7E628F5B5F9000FB24E /* SearchResultTableViewCell.swift */,
				4D34C7E728F5B5F9000FB24E /* SearchResultTableViewCell.xib */,
			);
			path = SearchResultCells;
			sourceTree = "<group>";
		};
/* End PBXGroup section */

/* Begin PBXNativeTarget section */
		4D192CB328F551590004BCB6 /* CashBackApp */ = {
			isa = PBXNativeTarget;
			buildConfigurationList = 4D192CC828F5515B0004BCB6 /* Build configuration list for PBXNativeTarget "CashBackApp" */;
			buildPhases = (
				4D192CB028F551590004BCB6 /* Sources */,
				4D192CB128F551590004BCB6 /* Frameworks */,
				4D192CB228F551590004BCB6 /* Resources */,
			);
			buildRules = (
			);
			dependencies = (
			);
			name = CashBackApp;
			productName = CashBackApp;
			productReference = 4D192CB428F551590004BCB6 /* CashBackApp.app */;
			productType = "com.apple.product-type.application";
		};
/* End PBXNativeTarget section */

/* Begin PBXProject section */
		4D192CAC28F551590004BCB6 /* Project object */ = {
			isa = PBXProject;
			attributes = {
				BuildIndependentTargetsInParallel = 1;
				LastSwiftUpdateCheck = 1340;
				LastUpgradeCheck = 1340;
				TargetAttributes = {
					4D192CB328F551590004BCB6 = {
						CreatedOnToolsVersion = 13.4;
					};
				};
			};
			buildConfigurationList = 4D192CAF28F551590004BCB6 /* Build configuration list for PBXProject "CashBackApp" */;
			compatibilityVersion = "Xcode 13.0";
			developmentRegion = en;
			hasScannedForEncodings = 0;
			knownRegions = (
				en,
				Base,
			);
			mainGroup = 4D192CAB28F551590004BCB6;
			productRefGroup = 4D192CB528F551590004BCB6 /* Products */;
			projectDirPath = "";
			projectRoot = "";
			targets = (
				4D192CB328F551590004BCB6 /* CashBackApp */,
			);
		};
/* End PBXProject section */

/* Begin PBXResourcesBuildPhase section */
		4D192CB228F551590004BCB6 /* Resources */ = {
			isa = PBXResourcesBuildPhase;
			buildActionMask = 2147483647;
			files = (
				4DEE839828FE8360005EDE61 /* ItemInfoTableViewCell.xib in Resources */,
				4DF98F4128F803BB0047D425 /* ItemInfoStoryboard.storyboard in Resources */,
				4D192CC428F5515B0004BCB6 /* LaunchScreen.storyboard in Resources */,
				4D9E756628FEF4B400735837 /* LoginStoryboard.storyboard in Resources */,
				4D192CC128F5515B0004BCB6 /* Assets.xcassets in Resources */,
				4D9CB4B828FD926D00C3B2B0 /* ConditionsTableViewCell.xib in Resources */,
				4D192CD028F569940004BCB6 /* PreviousSearchTableViewCell.xib in Resources */,
				4DF9B4E728F8383E007052CD /* ItemPhotoCollectionViewCell.xib in Resources */,
				4D192CBF28F551590004BCB6 /* Main.storyboard in Resources */,
				4D34C7E928F5B5F9000FB24E /* SearchResultTableViewCell.xib in Resources */,
				4D34C7E328F5AFE0000FB24E /* SearchResultsStoryboard.storyboard in Resources */,
				4D192CD428F59C260004BCB6 /* MainScreenMarketsTableViewCell.xib in Resources */,
			);
			runOnlyForDeploymentPostprocessing = 0;
		};
/* End PBXResourcesBuildPhase section */

/* Begin PBXSourcesBuildPhase section */
		4D192CB028F551590004BCB6 /* Sources */ = {
			isa = PBXSourcesBuildPhase;
			buildActionMask = 2147483647;
			files = (
				4D34C7E128F5AAB1000FB24E /* SearchResultModel.swift in Sources */,
				4D34C7E528F5B060000FB24E /* SearchResultViewController.swift in Sources */,
				4D192CBC28F551590004BCB6 /* StartViewController.swift in Sources */,
				4D192CB828F551590004BCB6 /* AppDelegate.swift in Sources */,
				4DEE839728FE8360005EDE61 /* ItemInfoTableViewCell.swift in Sources */,
				4DF9B4E628F8383E007052CD /* ItemPhotoCollectionViewCell.swift in Sources */,
				4D192CD328F59C260004BCB6 /* MainScreenMarketsTableViewCell.swift in Sources */,
				4D192CCF28F569940004BCB6 /* PreviousSearchTableViewCell.swift in Sources */,
				4D9E756828FFDB0E00735837 /* LoginModel.swift in Sources */,
				4D9CB4B728FD926D00C3B2B0 /* ConditionsTableViewCell.swift in Sources */,
				4D34C7E828F5B5F9000FB24E /* SearchResultTableViewCell.swift in Sources */,
				4D192CBA28F551590004BCB6 /* SceneDelegate.swift in Sources */,
				4DF98F3F28F803AD0047D425 /* ItemInfoViewController.swift in Sources */,
				4D9E756A28FFDD0E00735837 /* LoginCompleteViewController.swift in Sources */,
				4D9E756428FEF4A800735837 /* LoginViewController.swift in Sources */,
				4D192CCC28F557660004BCB6 /* OpenSearchBarPageVC.swift in Sources */,
				4D9E756228FEF27A00735837 /* TabBarViewController.swift in Sources */,
				4D34C7DF28F5A884000FB24E /* APIManager.swift in Sources */,
			);
			runOnlyForDeploymentPostprocessing = 0;
		};
/* End PBXSourcesBuildPhase section */

/* Begin PBXVariantGroup section */
		4D192CBD28F551590004BCB6 /* Main.storyboard */ = {
			isa = PBXVariantGroup;
			children = (
				4D192CBE28F551590004BCB6 /* Base */,
			);
			name = Main.storyboard;
			sourceTree = "<group>";
		};
		4D192CC228F5515B0004BCB6 /* LaunchScreen.storyboard */ = {
			isa = PBXVariantGroup;
			children = (
				4D192CC328F5515B0004BCB6 /* Base */,
			);
			name = LaunchScreen.storyboard;
			sourceTree = "<group>";
		};
/* End PBXVariantGroup section */

/* Begin XCBuildConfiguration section */
		4D192CC628F5515B0004BCB6 /* Debug */ = {
			isa = XCBuildConfiguration;
			buildSettings = {
				ALWAYS_SEARCH_USER_PATHS = NO;
				CLANG_ANALYZER_NONNULL = YES;
				CLANG_ANALYZER_NUMBER_OBJECT_CONVERSION = YES_AGGRESSIVE;
				CLANG_CXX_LANGUAGE_STANDARD = "gnu++17";
				CLANG_ENABLE_MODULES = YES;
				CLANG_ENABLE_OBJC_ARC = YES;
				CLANG_ENABLE_OBJC_WEAK = YES;
				CLANG_WARN_BLOCK_CAPTURE_AUTORELEASING = YES;
				CLANG_WARN_BOOL_CONVERSION = YES;
				CLANG_WARN_COMMA = YES;
				CLANG_WARN_CONSTANT_CONVERSION = YES;
				CLANG_WARN_DEPRECATED_OBJC_IMPLEMENTATIONS = YES;
				CLANG_WARN_DIRECT_OBJC_ISA_USAGE = YES_ERROR;
				CLANG_WARN_DOCUMENTATION_COMMENTS = YES;
				CLANG_WARN_EMPTY_BODY = YES;
				CLANG_WARN_ENUM_CONVERSION = YES;
				CLANG_WARN_INFINITE_RECURSION = YES;
				CLANG_WARN_INT_CONVERSION = YES;
				CLANG_WARN_NON_LITERAL_NULL_CONVERSION = YES;
				CLANG_WARN_OBJC_IMPLICIT_RETAIN_SELF = YES;
				CLANG_WARN_OBJC_LITERAL_CONVERSION = YES;
				CLANG_WARN_OBJC_ROOT_CLASS = YES_ERROR;
				CLANG_WARN_QUOTED_INCLUDE_IN_FRAMEWORK_HEADER = YES;
				CLANG_WARN_RANGE_LOOP_ANALYSIS = YES;
				CLANG_WARN_STRICT_PROTOTYPES = YES;
				CLANG_WARN_SUSPICIOUS_MOVE = YES;
				CLANG_WARN_UNGUARDED_AVAILABILITY = YES_AGGRESSIVE;
				CLANG_WARN_UNREACHABLE_CODE = YES;
				CLANG_WARN__DUPLICATE_METHOD_MATCH = YES;
				COPY_PHASE_STRIP = NO;
				DEBUG_INFORMATION_FORMAT = dwarf;
				ENABLE_STRICT_OBJC_MSGSEND = YES;
				ENABLE_TESTABILITY = YES;
				GCC_C_LANGUAGE_STANDARD = gnu11;
				GCC_DYNAMIC_NO_PIC = NO;
				GCC_NO_COMMON_BLOCKS = YES;
				GCC_OPTIMIZATION_LEVEL = 0;
				GCC_PREPROCESSOR_DEFINITIONS = (
					"DEBUG=1",
					"$(inherited)",
				);
				GCC_WARN_64_TO_32_BIT_CONVERSION = YES;
				GCC_WARN_ABOUT_RETURN_TYPE = YES_ERROR;
				GCC_WARN_UNDECLARED_SELECTOR = YES;
				GCC_WARN_UNINITIALIZED_AUTOS = YES_AGGRESSIVE;
				GCC_WARN_UNUSED_FUNCTION = YES;
				GCC_WARN_UNUSED_VARIABLE = YES;
				IPHONEOS_DEPLOYMENT_TARGET = 15.5;
				MTL_ENABLE_DEBUG_INFO = INCLUDE_SOURCE;
				MTL_FAST_MATH = YES;
				ONLY_ACTIVE_ARCH = YES;
				SDKROOT = iphoneos;
				SWIFT_ACTIVE_COMPILATION_CONDITIONS = DEBUG;
				SWIFT_OPTIMIZATION_LEVEL = "-Onone";
			};
			name = Debug;
		};
		4D192CC728F5515B0004BCB6 /* Release */ = {
			isa = XCBuildConfiguration;
			buildSettings = {
				ALWAYS_SEARCH_USER_PATHS = NO;
				CLANG_ANALYZER_NONNULL = YES;
				CLANG_ANALYZER_NUMBER_OBJECT_CONVERSION = YES_AGGRESSIVE;
				CLANG_CXX_LANGUAGE_STANDARD = "gnu++17";
				CLANG_ENABLE_MODULES = YES;
				CLANG_ENABLE_OBJC_ARC = YES;
				CLANG_ENABLE_OBJC_WEAK = YES;
				CLANG_WARN_BLOCK_CAPTURE_AUTORELEASING = YES;
				CLANG_WARN_BOOL_CONVERSION = YES;
				CLANG_WARN_COMMA = YES;
				CLANG_WARN_CONSTANT_CONVERSION = YES;
				CLANG_WARN_DEPRECATED_OBJC_IMPLEMENTATIONS = YES;
				CLANG_WARN_DIRECT_OBJC_ISA_USAGE = YES_ERROR;
				CLANG_WARN_DOCUMENTATION_COMMENTS = YES;
				CLANG_WARN_EMPTY_BODY = YES;
				CLANG_WARN_ENUM_CONVERSION = YES;
				CLANG_WARN_INFINITE_RECURSION = YES;
				CLANG_WARN_INT_CONVERSION = YES;
				CLANG_WARN_NON_LITERAL_NULL_CONVERSION = YES;
				CLANG_WARN_OBJC_IMPLICIT_RETAIN_SELF = YES;
				CLANG_WARN_OBJC_LITERAL_CONVERSION = YES;
				CLANG_WARN_OBJC_ROOT_CLASS = YES_ERROR;
				CLANG_WARN_QUOTED_INCLUDE_IN_FRAMEWORK_HEADER = YES;
				CLANG_WARN_RANGE_LOOP_ANALYSIS = YES;
				CLANG_WARN_STRICT_PROTOTYPES = YES;
				CLANG_WARN_SUSPICIOUS_MOVE = YES;
				CLANG_WARN_UNGUARDED_AVAILABILITY = YES_AGGRESSIVE;
				CLANG_WARN_UNREACHABLE_CODE = YES;
				CLANG_WARN__DUPLICATE_METHOD_MATCH = YES;
				COPY_PHASE_STRIP = NO;
				DEBUG_INFORMATION_FORMAT = "dwarf-with-dsym";
				ENABLE_NS_ASSERTIONS = NO;
				ENABLE_STRICT_OBJC_MSGSEND = YES;
				GCC_C_LANGUAGE_STANDARD = gnu11;
				GCC_NO_COMMON_BLOCKS = YES;
				GCC_WARN_64_TO_32_BIT_CONVERSION = YES;
				GCC_WARN_ABOUT_RETURN_TYPE = YES_ERROR;
				GCC_WARN_UNDECLARED_SELECTOR = YES;
				GCC_WARN_UNINITIALIZED_AUTOS = YES_AGGRESSIVE;
				GCC_WARN_UNUSED_FUNCTION = YES;
				GCC_WARN_UNUSED_VARIABLE = YES;
				IPHONEOS_DEPLOYMENT_TARGET = 15.5;
				MTL_ENABLE_DEBUG_INFO = NO;
				MTL_FAST_MATH = YES;
				SDKROOT = iphoneos;
				SWIFT_COMPILATION_MODE = wholemodule;
				SWIFT_OPTIMIZATION_LEVEL = "-O";
				VALIDATE_PRODUCT = YES;
			};
			name = Release;
		};
		4D192CC928F5515B0004BCB6 /* Debug */ = {
			isa = XCBuildConfiguration;
			buildSettings = {
				ASSETCATALOG_COMPILER_APPICON_NAME = AppIcon;
				ASSETCATALOG_COMPILER_GLOBAL_ACCENT_COLOR_NAME = AccentColor;
				CODE_SIGN_STYLE = Automatic;
				CURRENT_PROJECT_VERSION = 1;
				DEVELOPMENT_TEAM = 2Y2FRWV72Q;
				GENERATE_INFOPLIST_FILE = YES;
				INFOPLIST_FILE = CashBackApp/Info.plist;
				INFOPLIST_KEY_UIApplicationSupportsIndirectInputEvents = YES;
				INFOPLIST_KEY_UILaunchStoryboardName = LaunchScreen;
				INFOPLIST_KEY_UIMainStoryboardFile = Main;
				INFOPLIST_KEY_UISupportedInterfaceOrientations_iPad = "UIInterfaceOrientationPortrait UIInterfaceOrientationPortraitUpsideDown UIInterfaceOrientationLandscapeLeft UIInterfaceOrientationLandscapeRight";
				INFOPLIST_KEY_UISupportedInterfaceOrientations_iPhone = "UIInterfaceOrientationPortrait UIInterfaceOrientationLandscapeLeft UIInterfaceOrientationLandscapeRight";
				LD_RUNPATH_SEARCH_PATHS = (
					"$(inherited)",
					"@executable_path/Frameworks",
				);
				MARKETING_VERSION = 1.0;
				PRODUCT_BUNDLE_IDENTIFIER = eldar.garbuzov.personal.CashBackApp;
				PRODUCT_NAME = "$(TARGET_NAME)";
				SWIFT_EMIT_LOC_STRINGS = YES;
				SWIFT_VERSION = 5.0;
				TARGETED_DEVICE_FAMILY = "1,2";
			};
			name = Debug;
		};
		4D192CCA28F5515B0004BCB6 /* Release */ = {
			isa = XCBuildConfiguration;
			buildSettings = {
				ASSETCATALOG_COMPILER_APPICON_NAME = AppIcon;
				ASSETCATALOG_COMPILER_GLOBAL_ACCENT_COLOR_NAME = AccentColor;
				CODE_SIGN_STYLE = Automatic;
				CURRENT_PROJECT_VERSION = 1;
				DEVELOPMENT_TEAM = 2Y2FRWV72Q;
				GENERATE_INFOPLIST_FILE = YES;
				INFOPLIST_FILE = CashBackApp/Info.plist;
				INFOPLIST_KEY_UIApplicationSupportsIndirectInputEvents = YES;
				INFOPLIST_KEY_UILaunchStoryboardName = LaunchScreen;
				INFOPLIST_KEY_UIMainStoryboardFile = Main;
				INFOPLIST_KEY_UISupportedInterfaceOrientations_iPad = "UIInterfaceOrientationPortrait UIInterfaceOrientationPortraitUpsideDown UIInterfaceOrientationLandscapeLeft UIInterfaceOrientationLandscapeRight";
				INFOPLIST_KEY_UISupportedInterfaceOrientations_iPhone = "UIInterfaceOrientationPortrait UIInterfaceOrientationLandscapeLeft UIInterfaceOrientationLandscapeRight";
				LD_RUNPATH_SEARCH_PATHS = (
					"$(inherited)",
					"@executable_path/Frameworks",
				);
				MARKETING_VERSION = 1.0;
				PRODUCT_BUNDLE_IDENTIFIER = eldar.garbuzov.personal.CashBackApp;
				PRODUCT_NAME = "$(TARGET_NAME)";
				SWIFT_EMIT_LOC_STRINGS = YES;
				SWIFT_VERSION = 5.0;
				TARGETED_DEVICE_FAMILY = "1,2";
			};
			name = Release;
		};
/* End XCBuildConfiguration section */

/* Begin XCConfigurationList section */
		4D192CAF28F551590004BCB6 /* Build configuration list for PBXProject "CashBackApp" */ = {
			isa = XCConfigurationList;
			buildConfigurations = (
				4D192CC628F5515B0004BCB6 /* Debug */,
				4D192CC728F5515B0004BCB6 /* Release */,
			);
			defaultConfigurationIsVisible = 0;
			defaultConfigurationName = Release;
		};
		4D192CC828F5515B0004BCB6 /* Build configuration list for PBXNativeTarget "CashBackApp" */ = {
			isa = XCConfigurationList;
			buildConfigurations = (
				4D192CC928F5515B0004BCB6 /* Debug */,
				4D192CCA28F5515B0004BCB6 /* Release */,
			);
			defaultConfigurationIsVisible = 0;
			defaultConfigurationName = Release;
		};
/* End XCConfigurationList section */
	};
	rootObject = 4D192CAC28F551590004BCB6 /* Project object */;
}
